
Microsoft Visual Studio Solution File, Format Version 12.00
# Visual Studio Version 17
VisualStudioVersion = 17.5.33627.172
MinimumVisualStudioVersion = 10.0.40219.1
Project("{FAE04EC0-301F-11D3-BF4B-00C04F79EFBC}") = "Query", "Query\Query.csproj", "{FEF8CB70-1DEF-4D23-ADA4-AD8A365C8BF7}"
EndProject
Global
	GlobalSection(SolutionConfigurationPlatforms) = preSolution
		Debug|Any CPU = Debug|Any CPU
		Release|Any CPU = Release|Any CPU
	EndGlobalSection
	GlobalSection(ProjectConfigurationPlatforms) = postSolution
		{FEF8CB70-1DEF-4D23-ADA4-AD8A365C8BF7}.Debug|Any CPU.ActiveCfg = Debug|Any CPU
		{FEF8CB70-1DEF-4D23-ADA4-AD8A365C8BF7}.Debug|Any CPU.Build.0 = Debug|Any CPU
		{FEF8CB70-1DEF-4D23-ADA4-AD8A365C8BF7}.Release|Any CPU.ActiveCfg = Release|Any CPU
		{FEF8CB70-1DEF-4D23-ADA4-AD8A365C8BF7}.Release|Any CPU.Build.0 = Release|Any CPU
	EndGlobalSection
	GlobalSection(SolutionProperties) = preSolution
		HideSolutionNode = FALSE
	EndGlobalSection
	GlobalSection(ExtensibilityGlobals) = postSolution
		SolutionGuid = {F3821189-B64D-47F8-8811-71C46097230D}
	EndGlobalSection
EndGlobal
