
Microsoft Visual Studio Solution File, Format Version 12.00
# Visual Studio Version 17
VisualStudioVersion = 17.5.33627.172
MinimumVisualStudioVersion = 10.0.40219.1
Project("{FAE04EC0-301F-11D3-BF4B-00C04F79EFBC}") = "Query GUI1- EF", "Query GUI1- EF\Query GUI1- EF.csproj", "{6566793A-D91A-4226-AC4B-0797E24F3E56}"
EndProject
Global
	GlobalSection(SolutionConfigurationPlatforms) = preSolution
		Debug|Any CPU = Debug|Any CPU
		Release|Any CPU = Release|Any CPU
	EndGlobalSection
	GlobalSection(ProjectConfigurationPlatforms) = postSolution
		{6566793A-D91A-4226-AC4B-0797E24F3E56}.Debug|Any CPU.ActiveCfg = Debug|Any CPU
		{6566793A-D91A-4226-AC4B-0797E24F3E56}.Debug|Any CPU.Build.0 = Debug|Any CPU
		{6566793A-D91A-4226-AC4B-0797E24F3E56}.Release|Any CPU.ActiveCfg = Release|Any CPU
		{6566793A-D91A-4226-AC4B-0797E24F3E56}.Release|Any CPU.Build.0 = Release|Any CPU
	EndGlobalSection
	GlobalSection(SolutionProperties) = preSolution
		HideSolutionNode = FALSE
	EndGlobalSection
	GlobalSection(ExtensibilityGlobals) = postSolution
		SolutionGuid = {995B875C-3CCA-478D-B6A6-80410B1E24B6}
	EndGlobalSection
EndGlobal
