
Microsoft Visual Studio Solution File, Format Version 12.00
# Visual Studio Version 17
VisualStudioVersion = 17.5.33627.172
MinimumVisualStudioVersion = 10.0.40219.1
Project("{FAE04EC0-301F-11D3-BF4B-00C04F79EFBC}") = "Query", "Query\Query.csproj", "{DE56371A-5265-4120-8B73-D999795D1F54}"
EndProject
Global
	GlobalSection(SolutionConfigurationPlatforms) = preSolution
		Debug|Any CPU = Debug|Any CPU
		Release|Any CPU = Release|Any CPU
	EndGlobalSection
	GlobalSection(ProjectConfigurationPlatforms) = postSolution
		{DE56371A-5265-4120-8B73-D999795D1F54}.Debug|Any CPU.ActiveCfg = Debug|Any CPU
		{DE56371A-5265-4120-8B73-D999795D1F54}.Debug|Any CPU.Build.0 = Debug|Any CPU
		{DE56371A-5265-4120-8B73-D999795D1F54}.Release|Any CPU.ActiveCfg = Release|Any CPU
		{DE56371A-5265-4120-8B73-D999795D1F54}.Release|Any CPU.Build.0 = Release|Any CPU
	EndGlobalSection
	GlobalSection(SolutionProperties) = preSolution
		HideSolutionNode = FALSE
	EndGlobalSection
	GlobalSection(ExtensibilityGlobals) = postSolution
		SolutionGuid = {976D157E-07CD-4828-A8DA-234EFBEBB0E3}
	EndGlobalSection
EndGlobal
