
Microsoft Visual Studio Solution File, Format Version 12.00
# Visual Studio Version 17
VisualStudioVersion = 17.5.33627.172
MinimumVisualStudioVersion = 10.0.40219.1
Project("{FAE04EC0-301F-11D3-BF4B-00C04F79EFBC}") = "InsertRows", "InsertRows\InsertRows.csproj", "{4982E785-F605-4808-A787-600203444607}"
EndProject
Global
	GlobalSection(SolutionConfigurationPlatforms) = preSolution
		Debug|Any CPU = Debug|Any CPU
		Release|Any CPU = Release|Any CPU
	EndGlobalSection
	GlobalSection(ProjectConfigurationPlatforms) = postSolution
		{4982E785-F605-4808-A787-600203444607}.Debug|Any CPU.ActiveCfg = Debug|Any CPU
		{4982E785-F605-4808-A787-600203444607}.Debug|Any CPU.Build.0 = Debug|Any CPU
		{4982E785-F605-4808-A787-600203444607}.Release|Any CPU.ActiveCfg = Release|Any CPU
		{4982E785-F605-4808-A787-600203444607}.Release|Any CPU.Build.0 = Release|Any CPU
	EndGlobalSection
	GlobalSection(SolutionProperties) = preSolution
		HideSolutionNode = FALSE
	EndGlobalSection
	GlobalSection(ExtensibilityGlobals) = postSolution
		SolutionGuid = {6F8D27D2-D449-43D5-A937-BCE8AFCC63F3}
	EndGlobalSection
EndGlobal
