
Microsoft Visual Studio Solution File, Format Version 12.00
# Visual Studio Version 17
VisualStudioVersion = 17.5.33627.172
MinimumVisualStudioVersion = 10.0.40219.1
Project("{FAE04EC0-301F-11D3-BF4B-00C04F79EFBC}") = "Query2", "Query2\Query2.csproj", "{12A91E4A-45E2-40ED-B022-6EE25A39985B}"
EndProject
Global
	GlobalSection(SolutionConfigurationPlatforms) = preSolution
		Debug|Any CPU = Debug|Any CPU
		Release|Any CPU = Release|Any CPU
	EndGlobalSection
	GlobalSection(ProjectConfigurationPlatforms) = postSolution
		{12A91E4A-45E2-40ED-B022-6EE25A39985B}.Debug|Any CPU.ActiveCfg = Debug|Any CPU
		{12A91E4A-45E2-40ED-B022-6EE25A39985B}.Debug|Any CPU.Build.0 = Debug|Any CPU
		{12A91E4A-45E2-40ED-B022-6EE25A39985B}.Release|Any CPU.ActiveCfg = Release|Any CPU
		{12A91E4A-45E2-40ED-B022-6EE25A39985B}.Release|Any CPU.Build.0 = Release|Any CPU
	EndGlobalSection
	GlobalSection(SolutionProperties) = preSolution
		HideSolutionNode = FALSE
	EndGlobalSection
	GlobalSection(ExtensibilityGlobals) = postSolution
		SolutionGuid = {3CA7B61A-C120-42CC-8FE7-2A0582461293}
	EndGlobalSection
EndGlobal
