
Microsoft Visual Studio Solution File, Format Version 12.00
# Visual Studio 15
VisualStudioVersion = 15.0.28307.1145
MinimumVisualStudioVersion = 10.0.40219.1
Project("{FAE04EC0-301F-11D3-BF4B-00C04F79EFBC}") = "ExempleProp", "ExempleProp\ExempleProp.csproj", "{FD299E39-5215-41C0-9618-395B9328AFEE}"
EndProject
Global
	GlobalSection(SolutionConfigurationPlatforms) = preSolution
		Debug|Any CPU = Debug|Any CPU
		Release|Any CPU = Release|Any CPU
	EndGlobalSection
	GlobalSection(ProjectConfigurationPlatforms) = postSolution
		{FD299E39-5215-41C0-9618-395B9328AFEE}.Debug|Any CPU.ActiveCfg = Debug|Any CPU
		{FD299E39-5215-41C0-9618-395B9328AFEE}.Debug|Any CPU.Build.0 = Debug|Any CPU
		{FD299E39-5215-41C0-9618-395B9328AFEE}.Release|Any CPU.ActiveCfg = Release|Any CPU
		{FD299E39-5215-41C0-9618-395B9328AFEE}.Release|Any CPU.Build.0 = Release|Any CPU
	EndGlobalSection
	GlobalSection(SolutionProperties) = preSolution
		HideSolutionNode = FALSE
	EndGlobalSection
	GlobalSection(ExtensibilityGlobals) = postSolution
		SolutionGuid = {6AAD7DC2-6157-48D2-9ABF-6F650A8457B5}
	EndGlobalSection
EndGlobal
