
Microsoft Visual Studio Solution File, Format Version 12.00
# Visual Studio 15
VisualStudioVersion = 15.0.28307.168
MinimumVisualStudioVersion = 10.0.40219.1
Project("{FAE04EC0-301F-11D3-BF4B-00C04F79EFBC}") = "ExempleLINQ01a", "ExempleLINQ01a\ExempleLINQ01a.csproj", "{DC0C1184-31E2-4414-962A-8818637218E7}"
EndProject
Global
	GlobalSection(SolutionConfigurationPlatforms) = preSolution
		Debug|Any CPU = Debug|Any CPU
		Release|Any CPU = Release|Any CPU
	EndGlobalSection
	GlobalSection(ProjectConfigurationPlatforms) = postSolution
		{DC0C1184-31E2-4414-962A-8818637218E7}.Debug|Any CPU.ActiveCfg = Debug|Any CPU
		{DC0C1184-31E2-4414-962A-8818637218E7}.Debug|Any CPU.Build.0 = Debug|Any CPU
		{DC0C1184-31E2-4414-962A-8818637218E7}.Release|Any CPU.ActiveCfg = Release|Any CPU
		{DC0C1184-31E2-4414-962A-8818637218E7}.Release|Any CPU.Build.0 = Release|Any CPU
	EndGlobalSection
	GlobalSection(SolutionProperties) = preSolution
		HideSolutionNode = FALSE
	EndGlobalSection
	GlobalSection(ExtensibilityGlobals) = postSolution
		SolutionGuid = {B05CDEE6-62B4-4BD4-A7F8-2CF88E72D1C3}
	EndGlobalSection
EndGlobal
