
Microsoft Visual Studio Solution File, Format Version 12.00
# Visual Studio Version 17
VisualStudioVersion = 17.5.33627.172
MinimumVisualStudioVersion = 10.0.40219.1
Project("{FAE04EC0-301F-11D3-BF4B-00C04F79EFBC}") = "QueryGUI4", "QueryGUI4\QueryGUI4.csproj", "{26917766-1A16-4F85-A2A0-5C85A039DFBF}"
EndProject
Global
	GlobalSection(SolutionConfigurationPlatforms) = preSolution
		Debug|Any CPU = Debug|Any CPU
		Release|Any CPU = Release|Any CPU
	EndGlobalSection
	GlobalSection(ProjectConfigurationPlatforms) = postSolution
		{26917766-1A16-4F85-A2A0-5C85A039DFBF}.Debug|Any CPU.ActiveCfg = Debug|Any CPU
		{26917766-1A16-4F85-A2A0-5C85A039DFBF}.Debug|Any CPU.Build.0 = Debug|Any CPU
		{26917766-1A16-4F85-A2A0-5C85A039DFBF}.Release|Any CPU.ActiveCfg = Release|Any CPU
		{26917766-1A16-4F85-A2A0-5C85A039DFBF}.Release|Any CPU.Build.0 = Release|Any CPU
	EndGlobalSection
	GlobalSection(SolutionProperties) = preSolution
		HideSolutionNode = FALSE
	EndGlobalSection
	GlobalSection(ExtensibilityGlobals) = postSolution
		SolutionGuid = {48AC413D-7E24-47F8-B1CA-1EEA9FA86FBB}
	EndGlobalSection
EndGlobal
