
Microsoft Visual Studio Solution File, Format Version 12.00
# Visual Studio Version 17
VisualStudioVersion = 17.5.33627.172
MinimumVisualStudioVersion = 10.0.40219.1
Project("{FAE04EC0-301F-11D3-BF4B-00C04F79EFBC}") = "MultiProject", "MultiProject\MultiProject.csproj", "{04F60549-FBAD-45D1-B45A-D54E8EFA4E64}"
EndProject
Project("{FAE04EC0-301F-11D3-BF4B-00C04F79EFBC}") = "MultiProject2", "MultiProject2\MultiProject2.csproj", "{ED2F525F-E961-4A92-9440-7EE95AE2CD18}"
EndProject
Global
	GlobalSection(SolutionConfigurationPlatforms) = preSolution
		Debug|Any CPU = Debug|Any CPU
		Release|Any CPU = Release|Any CPU
	EndGlobalSection
	GlobalSection(ProjectConfigurationPlatforms) = postSolution
		{04F60549-FBAD-45D1-B45A-D54E8EFA4E64}.Debug|Any CPU.ActiveCfg = Debug|Any CPU
		{04F60549-FBAD-45D1-B45A-D54E8EFA4E64}.Debug|Any CPU.Build.0 = Debug|Any CPU
		{04F60549-FBAD-45D1-B45A-D54E8EFA4E64}.Release|Any CPU.ActiveCfg = Release|Any CPU
		{04F60549-FBAD-45D1-B45A-D54E8EFA4E64}.Release|Any CPU.Build.0 = Release|Any CPU
		{ED2F525F-E961-4A92-9440-7EE95AE2CD18}.Debug|Any CPU.ActiveCfg = Debug|Any CPU
		{ED2F525F-E961-4A92-9440-7EE95AE2CD18}.Debug|Any CPU.Build.0 = Debug|Any CPU
		{ED2F525F-E961-4A92-9440-7EE95AE2CD18}.Release|Any CPU.ActiveCfg = Release|Any CPU
		{ED2F525F-E961-4A92-9440-7EE95AE2CD18}.Release|Any CPU.Build.0 = Release|Any CPU
	EndGlobalSection
	GlobalSection(SolutionProperties) = preSolution
		HideSolutionNode = FALSE
	EndGlobalSection
	GlobalSection(ExtensibilityGlobals) = postSolution
		SolutionGuid = {E718F6CB-9FA9-41B6-ADFE-831758A358F1}
	EndGlobalSection
EndGlobal
