
Microsoft Visual Studio Solution File, Format Version 12.00
# Visual Studio Version 17
VisualStudioVersion = 17.5.33627.172
MinimumVisualStudioVersion = 10.0.40219.1
Project("{FAE04EC0-301F-11D3-BF4B-00C04F79EFBC}") = "QueryDA", "QueryDA\QueryDA.csproj", "{79366DFB-372F-4B6D-BBB0-06D5FD4A25F7}"
EndProject
Global
	GlobalSection(SolutionConfigurationPlatforms) = preSolution
		Debug|Any CPU = Debug|Any CPU
		Release|Any CPU = Release|Any CPU
	EndGlobalSection
	GlobalSection(ProjectConfigurationPlatforms) = postSolution
		{79366DFB-372F-4B6D-BBB0-06D5FD4A25F7}.Debug|Any CPU.ActiveCfg = Debug|Any CPU
		{79366DFB-372F-4B6D-BBB0-06D5FD4A25F7}.Debug|Any CPU.Build.0 = Debug|Any CPU
		{79366DFB-372F-4B6D-BBB0-06D5FD4A25F7}.Release|Any CPU.ActiveCfg = Release|Any CPU
		{79366DFB-372F-4B6D-BBB0-06D5FD4A25F7}.Release|Any CPU.Build.0 = Release|Any CPU
	EndGlobalSection
	GlobalSection(SolutionProperties) = preSolution
		HideSolutionNode = FALSE
	EndGlobalSection
	GlobalSection(ExtensibilityGlobals) = postSolution
		SolutionGuid = {9F0A8453-B579-43B9-9E4A-16C49DA90663}
	EndGlobalSection
EndGlobal
