
Microsoft Visual Studio Solution File, Format Version 12.00
# Visual Studio Version 17
VisualStudioVersion = 17.5.33627.172
MinimumVisualStudioVersion = 10.0.40219.1
Project("{FAE04EC0-301F-11D3-BF4B-00C04F79EFBC}") = "C.08.17.23.CreateTable", "C.08.17.23.CreateTable\C.08.17.23.CreateTable.csproj", "{E401C199-53AA-4211-B1FA-D3911CD2982C}"
EndProject
Global
	GlobalSection(SolutionConfigurationPlatforms) = preSolution
		Debug|Any CPU = Debug|Any CPU
		Release|Any CPU = Release|Any CPU
	EndGlobalSection
	GlobalSection(ProjectConfigurationPlatforms) = postSolution
		{E401C199-53AA-4211-B1FA-D3911CD2982C}.Debug|Any CPU.ActiveCfg = Debug|Any CPU
		{E401C199-53AA-4211-B1FA-D3911CD2982C}.Debug|Any CPU.Build.0 = Debug|Any CPU
		{E401C199-53AA-4211-B1FA-D3911CD2982C}.Release|Any CPU.ActiveCfg = Release|Any CPU
		{E401C199-53AA-4211-B1FA-D3911CD2982C}.Release|Any CPU.Build.0 = Release|Any CPU
	EndGlobalSection
	GlobalSection(SolutionProperties) = preSolution
		HideSolutionNode = FALSE
	EndGlobalSection
	GlobalSection(ExtensibilityGlobals) = postSolution
		SolutionGuid = {FC5DC0A1-0C0F-4D5F-BB1F-E1C87F839A06}
	EndGlobalSection
EndGlobal
