
Microsoft Visual Studio Solution File, Format Version 12.00
# Visual Studio 15
VisualStudioVersion = 15.0.28307.329
MinimumVisualStudioVersion = 10.0.40219.1
Project("{FAE04EC0-301F-11D3-BF4B-00C04F79EFBC}") = "ExempleLINQ06", "ExempleLINQ06\ExempleLINQ06.csproj", "{06CD0463-F11F-495C-8A09-D03386EE06C2}"
EndProject
Global
	GlobalSection(SolutionConfigurationPlatforms) = preSolution
		Debug|Any CPU = Debug|Any CPU
		Release|Any CPU = Release|Any CPU
	EndGlobalSection
	GlobalSection(ProjectConfigurationPlatforms) = postSolution
		{06CD0463-F11F-495C-8A09-D03386EE06C2}.Debug|Any CPU.ActiveCfg = Debug|Any CPU
		{06CD0463-F11F-495C-8A09-D03386EE06C2}.Debug|Any CPU.Build.0 = Debug|Any CPU
		{06CD0463-F11F-495C-8A09-D03386EE06C2}.Release|Any CPU.ActiveCfg = Release|Any CPU
		{06CD0463-F11F-495C-8A09-D03386EE06C2}.Release|Any CPU.Build.0 = Release|Any CPU
	EndGlobalSection
	GlobalSection(SolutionProperties) = preSolution
		HideSolutionNode = FALSE
	EndGlobalSection
	GlobalSection(ExtensibilityGlobals) = postSolution
		SolutionGuid = {B3CB6A16-BF1E-4681-A907-730D0A3F0CBD}
	EndGlobalSection
EndGlobal
